github.com/bnixon67/go-weblogin v0.0.0-20220813200329-5606858cec15 h1:3LaYuDMqHCUEQFU1ZgC1eDceJtSvwiDNJdPlv2OW+MQ=
github.com/bnixon67/go-weblogin v0.0.0-20220813200329-5606858cec15/go.mod h1:d63O1jHljCcNrVJqhscJRs08dLNh3zqv0k7Ee/LRw9Q=
github.com/go-sql-driver/mysql v1.6.0 h1:BCTh4TKNUYmOmMUcQ3IipzF5prigylS7XXjEkfCHuOE=
github.com/go-sql-driver/mysql v1.6.0/go.mod h1:DCzpHaOWr8IXmIStZouvnhqoel9Qv2LBy8hT2VhHyBg=
golang.org/x/crypto v0.0.0-20220722155217-630584e8d5aa h1:zuSxTR4o9y82ebqCUJYNGJbGPo6sKVl54f/TVDObg1c=
golang.org/x/crypto v0.0.0-20220722155217-630584e8d5aa/go.mod h1:IxCIyHEi3zRg3s0A5j5BB6A9Jmi73HwBIUl50j+osU4=
